// !$*UTF8*$!
{
	archiveVersion = 1;
	classes = {
	};
	objectVersion = 50;
	objects = {

/* Begin PBXBuildFile section */
		3561C06B1FFEF797428352B5 /* Pods_SelfDrvnMobileTest.framework in Frameworks */ = {isa = PBXBuildFile; fileRef = 6535B62B3E5383C8546532AF /* Pods_SelfDrvnMobileTest.framework */; };
		B17DB4DECBDDB185B9BB902A /* Pods_SelfDrvnMobileTestUITests.framework in Frameworks */ = {isa = PBXBuildFile; fileRef = 3A4E78475BCC56033A076670 /* Pods_SelfDrvnMobileTestUITests.framework */; };
		C0455F9821F17B9100B51EE7 /* AppDelegate.swift in Sources */ = {isa = PBXBuildFile; fileRef = C0455F9721F17B9100B51EE7 /* AppDelegate.swift */; };
		C0455F9A21F17B9100B51EE7 /* ViewController.swift in Sources */ = {isa = PBXBuildFile; fileRef = C0455F9921F17B9100B51EE7 /* ViewController.swift */; };
		C0455F9D21F17B9100B51EE7 /* Main.storyboard in Resources */ = {isa = PBXBuildFile; fileRef = C0455F9B21F17B9100B51EE7 /* Main.storyboard */; };
		C0455F9F21F17B9800B51EE7 /* Assets.xcassets in Resources */ = {isa = PBXBuildFile; fileRef = C0455F9E21F17B9800B51EE7 /* Assets.xcassets */; };
		C0455FA221F17B9800B51EE7 /* LaunchScreen.storyboard in Resources */ = {isa = PBXBuildFile; fileRef = C0455FA021F17B9800B51EE7 /* LaunchScreen.storyboard */; };
		C0455FAD21F17B9900B51EE7 /* SelfDrvnMobileTestTests.swift in Sources */ = {isa = PBXBuildFile; fileRef = C0455FAC21F17B9900B51EE7 /* SelfDrvnMobileTestTests.swift */; };
		C0455FB821F17B9900B51EE7 /* SelfDrvnMobileTestUITests.swift in Sources */ = {isa = PBXBuildFile; fileRef = C0455FB721F17B9900B51EE7 /* SelfDrvnMobileTestUITests.swift */; };
		C0455FD121F1895700B51EE7 /* BookTableViewCell.swift in Sources */ = {isa = PBXBuildFile; fileRef = C0455FD021F1895700B51EE7 /* BookTableViewCell.swift */; };
		C0FD98A021F1A15000AB76F0 /* BookInformationVC.swift in Sources */ = {isa = PBXBuildFile; fileRef = C0FD989F21F1A15000AB76F0 /* BookInformationVC.swift */; };
		C0FD99BF21FC543F00AB76F0 /* APIHelper.swift in Sources */ = {isa = PBXBuildFile; fileRef = C0FD99B121FC543F00AB76F0 /* APIHelper.swift */; };
		C0FD99C021FC543F00AB76F0 /* AlamofireImplementations.swift in Sources */ = {isa = PBXBuildFile; fileRef = C0FD99B221FC543F00AB76F0 /* AlamofireImplementations.swift */; };
		C0FD99C121FC543F00AB76F0 /* BookISBNAPI.swift in Sources */ = {isa = PBXBuildFile; fileRef = C0FD99B421FC543F00AB76F0 /* BookISBNAPI.swift */; };
		C0FD99C221FC543F00AB76F0 /* CodableHelper.swift in Sources */ = {isa = PBXBuildFile; fileRef = C0FD99B521FC543F00AB76F0 /* CodableHelper.swift */; };
		C0FD99C321FC543F00AB76F0 /* JSONEncodableEncoding.swift in Sources */ = {isa = PBXBuildFile; fileRef = C0FD99B621FC543F00AB76F0 /* JSONEncodableEncoding.swift */; };
		C0FD99C421FC543F00AB76F0 /* APIs.swift in Sources */ = {isa = PBXBuildFile; fileRef = C0FD99B721FC543F00AB76F0 /* APIs.swift */; };
		C0FD99C521FC543F00AB76F0 /* Author.swift in Sources */ = {isa = PBXBuildFile; fileRef = C0FD99B921FC543F00AB76F0 /* Author.swift */; };
		C0FD99C621FC543F00AB76F0 /* BookItem.swift in Sources */ = {isa = PBXBuildFile; fileRef = C0FD99BA21FC543F00AB76F0 /* BookItem.swift */; };
		C0FD99C721FC543F00AB76F0 /* Extensions.swift in Sources */ = {isa = PBXBuildFile; fileRef = C0FD99BB21FC543F00AB76F0 /* Extensions.swift */; };
		C0FD99C821FC543F00AB76F0 /* JSONEncodingHelper.swift in Sources */ = {isa = PBXBuildFile; fileRef = C0FD99BC21FC543F00AB76F0 /* JSONEncodingHelper.swift */; };
		C0FD99C921FC543F00AB76F0 /* Models.swift in Sources */ = {isa = PBXBuildFile; fileRef = C0FD99BD21FC543F00AB76F0 /* Models.swift */; };
		C0FD99CA21FC543F00AB76F0 /* Configuration.swift in Sources */ = {isa = PBXBuildFile; fileRef = C0FD99BE21FC543F00AB76F0 /* Configuration.swift */; };
		ECF1B6F55F19E39E6AD2CC5A /* Pods_SelfDrvnMobileTestTests.framework in Frameworks */ = {isa = PBXBuildFile; fileRef = 71BC0FEC7BC02ABA6177C0B9 /* Pods_SelfDrvnMobileTestTests.framework */; };
/* End PBXBuildFile section */

/* Begin PBXContainerItemProxy section */
		C0455FA921F17B9800B51EE7 /* PBXContainerItemProxy */ = {
			isa = PBXContainerItemProxy;
			containerPortal = C0455F8C21F17B9100B51EE7 /* Project object */;
			proxyType = 1;
			remoteGlobalIDString = C0455F9321F17B9100B51EE7;
			remoteInfo = SelfDrvnMobileTest;
		};
		C0455FB421F17B9900B51EE7 /* PBXContainerItemProxy */ = {
			isa = PBXContainerItemProxy;
			containerPortal = C0455F8C21F17B9100B51EE7 /* Project object */;
			proxyType = 1;
			remoteGlobalIDString = C0455F9321F17B9100B51EE7;
			remoteInfo = SelfDrvnMobileTest;
		};
/* End PBXContainerItemProxy section */

/* Begin PBXFileReference section */
		3A4E78475BCC56033A076670 /* Pods_SelfDrvnMobileTestUITests.framework */ = {isa = PBXFileReference; explicitFileType = wrapper.framework; includeInIndex = 0; path = Pods_SelfDrvnMobileTestUITests.framework; sourceTree = BUILT_PRODUCTS_DIR; };
		4C29243C4D073CDFFBA776CF /* Pods-SelfDrvnMobileTestUITests.release.xcconfig */ = {isa = PBXFileReference; includeInIndex = 1; lastKnownFileType = text.xcconfig; name = "Pods-SelfDrvnMobileTestUITests.release.xcconfig"; path = "Pods/Target Support Files/Pods-SelfDrvnMobileTestUITests/Pods-SelfDrvnMobileTestUITests.release.xcconfig"; sourceTree = "<group>"; };
		6535B62B3E5383C8546532AF /* Pods_SelfDrvnMobileTest.framework */ = {isa = PBXFileReference; explicitFileType = wrapper.framework; includeInIndex = 0; path = Pods_SelfDrvnMobileTest.framework; sourceTree = BUILT_PRODUCTS_DIR; };
		71BC0FEC7BC02ABA6177C0B9 /* Pods_SelfDrvnMobileTestTests.framework */ = {isa = PBXFileReference; explicitFileType = wrapper.framework; includeInIndex = 0; path = Pods_SelfDrvnMobileTestTests.framework; sourceTree = BUILT_PRODUCTS_DIR; };
		810086621C3EF2048E3147CB /* Pods-SelfDrvnMobileTest.release.xcconfig */ = {isa = PBXFileReference; includeInIndex = 1; lastKnownFileType = text.xcconfig; name = "Pods-SelfDrvnMobileTest.release.xcconfig"; path = "Pods/Target Support Files/Pods-SelfDrvnMobileTest/Pods-SelfDrvnMobileTest.release.xcconfig"; sourceTree = "<group>"; };
		91C618608B2D18E2E741A27F /* Pods-SelfDrvnMobileTestTests.release.xcconfig */ = {isa = PBXFileReference; includeInIndex = 1; lastKnownFileType = text.xcconfig; name = "Pods-SelfDrvnMobileTestTests.release.xcconfig"; path = "Pods/Target Support Files/Pods-SelfDrvnMobileTestTests/Pods-SelfDrvnMobileTestTests.release.xcconfig"; sourceTree = "<group>"; };
		9AB6342F497981678D770873 /* Pods-SelfDrvnMobileTestTests.debug.xcconfig */ = {isa = PBXFileReference; includeInIndex = 1; lastKnownFileType = text.xcconfig; name = "Pods-SelfDrvnMobileTestTests.debug.xcconfig"; path = "Pods/Target Support Files/Pods-SelfDrvnMobileTestTests/Pods-SelfDrvnMobileTestTests.debug.xcconfig"; sourceTree = "<group>"; };
		B8CE836346A91B325A10F264 /* Pods-SelfDrvnMobileTestUITests.debug.xcconfig */ = {isa = PBXFileReference; includeInIndex = 1; lastKnownFileType = text.xcconfig; name = "Pods-SelfDrvnMobileTestUITests.debug.xcconfig"; path = "Pods/Target Support Files/Pods-SelfDrvnMobileTestUITests/Pods-SelfDrvnMobileTestUITests.debug.xcconfig"; sourceTree = "<group>"; };
		C0455F9421F17B9100B51EE7 /* SelfDrvnMobileTest.app */ = {isa = PBXFileReference; explicitFileType = wrapper.application; includeInIndex = 0; path = SelfDrvnMobileTest.app; sourceTree = BUILT_PRODUCTS_DIR; };
		C0455F9721F17B9100B51EE7 /* AppDelegate.swift */ = {isa = PBXFileReference; lastKnownFileType = sourcecode.swift; path = AppDelegate.swift; sourceTree = "<group>"; };
		C0455F9921F17B9100B51EE7 /* ViewController.swift */ = {isa = PBXFileReference; lastKnownFileType = sourcecode.swift; path = ViewController.swift; sourceTree = "<group>"; };
		C0455F9C21F17B9100B51EE7 /* Base */ = {isa = PBXFileReference; lastKnownFileType = file.storyboard; name = Base; path = Base.lproj/Main.storyboard; sourceTree = "<group>"; };
		C0455F9E21F17B9800B51EE7 /* Assets.xcassets */ = {isa = PBXFileReference; lastKnownFileType = folder.assetcatalog; path = Assets.xcassets; sourceTree = "<group>"; };
		C0455FA121F17B9800B51EE7 /* Base */ = {isa = PBXFileReference; lastKnownFileType = file.storyboard; name = Base; path = Base.lproj/LaunchScreen.storyboard; sourceTree = "<group>"; };
		C0455FA321F17B9800B51EE7 /* Info.plist */ = {isa = PBXFileReference; lastKnownFileType = text.plist.xml; path = Info.plist; sourceTree = "<group>"; };
		C0455FA821F17B9800B51EE7 /* SelfDrvnMobileTestTests.xctest */ = {isa = PBXFileReference; explicitFileType = wrapper.cfbundle; includeInIndex = 0; path = SelfDrvnMobileTestTests.xctest; sourceTree = BUILT_PRODUCTS_DIR; };
		C0455FAC21F17B9900B51EE7 /* SelfDrvnMobileTestTests.swift */ = {isa = PBXFileReference; lastKnownFileType = sourcecode.swift; path = SelfDrvnMobileTestTests.swift; sourceTree = "<group>"; };
		C0455FAE21F17B9900B51EE7 /* Info.plist */ = {isa = PBXFileReference; lastKnownFileType = text.plist.xml; path = Info.plist; sourceTree = "<group>"; };
		C0455FB321F17B9900B51EE7 /* SelfDrvnMobileTestUITests.xctest */ = {isa = PBXFileReference; explicitFileType = wrapper.cfbundle; includeInIndex = 0; path = SelfDrvnMobileTestUITests.xctest; sourceTree = BUILT_PRODUCTS_DIR; };
		C0455FB721F17B9900B51EE7 /* SelfDrvnMobileTestUITests.swift */ = {isa = PBXFileReference; lastKnownFileType = sourcecode.swift; path = SelfDrvnMobileTestUITests.swift; sourceTree = "<group>"; };
		C0455FB921F17B9900B51EE7 /* Info.plist */ = {isa = PBXFileReference; lastKnownFileType = text.plist.xml; path = Info.plist; sourceTree = "<group>"; };
		C0455FD021F1895700B51EE7 /* BookTableViewCell.swift */ = {isa = PBXFileReference; lastKnownFileType = sourcecode.swift; path = BookTableViewCell.swift; sourceTree = "<group>"; };
		C061ED8E1A16E61A22DDA72A /* Pods-SelfDrvnMobileTest.debug.xcconfig */ = {isa = PBXFileReference; includeInIndex = 1; lastKnownFileType = text.xcconfig; name = "Pods-SelfDrvnMobileTest.debug.xcconfig"; path = "Pods/Target Support Files/Pods-SelfDrvnMobileTest/Pods-SelfDrvnMobileTest.debug.xcconfig"; sourceTree = "<group>"; };
		C0FD989F21F1A15000AB76F0 /* BookInformationVC.swift */ = {isa = PBXFileReference; lastKnownFileType = sourcecode.swift; path = BookInformationVC.swift; sourceTree = "<group>"; };
		C0FD99B121FC543F00AB76F0 /* APIHelper.swift */ = {isa = PBXFileReference; fileEncoding = 4; lastKnownFileType = sourcecode.swift; path = APIHelper.swift; sourceTree = "<group>"; };
		C0FD99B221FC543F00AB76F0 /* AlamofireImplementations.swift */ = {isa = PBXFileReference; fileEncoding = 4; lastKnownFileType = sourcecode.swift; path = AlamofireImplementations.swift; sourceTree = "<group>"; };
		C0FD99B421FC543F00AB76F0 /* BookISBNAPI.swift */ = {isa = PBXFileReference; fileEncoding = 4; lastKnownFileType = sourcecode.swift; path = BookISBNAPI.swift; sourceTree = "<group>"; };
		C0FD99B521FC543F00AB76F0 /* CodableHelper.swift */ = {isa = PBXFileReference; fileEncoding = 4; lastKnownFileType = sourcecode.swift; path = CodableHelper.swift; sourceTree = "<group>"; };
		C0FD99B621FC543F00AB76F0 /* JSONEncodableEncoding.swift */ = {isa = PBXFileReference; fileEncoding = 4; lastKnownFileType = sourcecode.swift; path = JSONEncodableEncoding.swift; sourceTree = "<group>"; };
		C0FD99B721FC543F00AB76F0 /* APIs.swift */ = {isa = PBXFileReference; fileEncoding = 4; lastKnownFileType = sourcecode.swift; path = APIs.swift; sourceTree = "<group>"; };
		C0FD99B921FC543F00AB76F0 /* Author.swift */ = {isa = PBXFileReference; fileEncoding = 4; lastKnownFileType = sourcecode.swift; path = Author.swift; sourceTree = "<group>"; };
		C0FD99BA21FC543F00AB76F0 /* BookItem.swift */ = {isa = PBXFileReference; fileEncoding = 4; lastKnownFileType = sourcecode.swift; path = BookItem.swift; sourceTree = "<group>"; };
		C0FD99BB21FC543F00AB76F0 /* Extensions.swift */ = {isa = PBXFileReference; fileEncoding = 4; lastKnownFileType = sourcecode.swift; path = Extensions.swift; sourceTree = "<group>"; };
		C0FD99BC21FC543F00AB76F0 /* JSONEncodingHelper.swift */ = {isa = PBXFileReference; fileEncoding = 4; lastKnownFileType = sourcecode.swift; path = JSONEncodingHelper.swift; sourceTree = "<group>"; };
		C0FD99BD21FC543F00AB76F0 /* Models.swift */ = {isa = PBXFileReference; fileEncoding = 4; lastKnownFileType = sourcecode.swift; path = Models.swift; sourceTree = "<group>"; };
		C0FD99BE21FC543F00AB76F0 /* Configuration.swift */ = {isa = PBXFileReference; fileEncoding = 4; lastKnownFileType = sourcecode.swift; path = Configuration.swift; sourceTree = "<group>"; };
/* End PBXFileReference section */

/* Begin PBXFrameworksBuildPhase section */
		C0455F9121F17B9100B51EE7 /* Frameworks */ = {
			isa = PBXFrameworksBuildPhase;
			buildActionMask = 2147483647;
			files = (
				3561C06B1FFEF797428352B5 /* Pods_SelfDrvnMobileTest.framework in Frameworks */,
			);
			runOnlyForDeploymentPostprocessing = 0;
		};
		C0455FA521F17B9800B51EE7 /* Frameworks */ = {
			isa = PBXFrameworksBuildPhase;
			buildActionMask = 2147483647;
			files = (
				ECF1B6F55F19E39E6AD2CC5A /* Pods_SelfDrvnMobileTestTests.framework in Frameworks */,
			);
			runOnlyForDeploymentPostprocessing = 0;
		};
		C0455FB021F17B9900B51EE7 /* Frameworks */ = {
			isa = PBXFrameworksBuildPhase;
			buildActionMask = 2147483647;
			files = (
				B17DB4DECBDDB185B9BB902A /* Pods_SelfDrvnMobileTestUITests.framework in Frameworks */,
			);
			runOnlyForDeploymentPostprocessing = 0;
		};
/* End PBXFrameworksBuildPhase section */

/* Begin PBXGroup section */
		BC564C80D348CADECA336D95 /* Pods */ = {
			isa = PBXGroup;
			children = (
				C061ED8E1A16E61A22DDA72A /* Pods-SelfDrvnMobileTest.debug.xcconfig */,
				810086621C3EF2048E3147CB /* Pods-SelfDrvnMobileTest.release.xcconfig */,
				9AB6342F497981678D770873 /* Pods-SelfDrvnMobileTestTests.debug.xcconfig */,
				91C618608B2D18E2E741A27F /* Pods-SelfDrvnMobileTestTests.release.xcconfig */,
				B8CE836346A91B325A10F264 /* Pods-SelfDrvnMobileTestUITests.debug.xcconfig */,
				4C29243C4D073CDFFBA776CF /* Pods-SelfDrvnMobileTestUITests.release.xcconfig */,
			);
			name = Pods;
			sourceTree = "<group>";
		};
		C0455F8B21F17B9100B51EE7 = {
			isa = PBXGroup;
			children = (
				C0455F9621F17B9100B51EE7 /* SelfDrvnMobileTest */,
				C0455FAB21F17B9900B51EE7 /* SelfDrvnMobileTestTests */,
				C0455FB621F17B9900B51EE7 /* SelfDrvnMobileTestUITests */,
				C0455F9521F17B9100B51EE7 /* Products */,
				BC564C80D348CADECA336D95 /* Pods */,
				FBA413533761FF40667B2BE6 /* Frameworks */,
			);
			sourceTree = "<group>";
		};
		C0455F9521F17B9100B51EE7 /* Products */ = {
			isa = PBXGroup;
			children = (
				C0455F9421F17B9100B51EE7 /* SelfDrvnMobileTest.app */,
				C0455FA821F17B9800B51EE7 /* SelfDrvnMobileTestTests.xctest */,
				C0455FB321F17B9900B51EE7 /* SelfDrvnMobileTestUITests.xctest */,
			);
			name = Products;
			sourceTree = "<group>";
		};
		C0455F9621F17B9100B51EE7 /* SelfDrvnMobileTest */ = {
			isa = PBXGroup;
			children = (
				C0455F9721F17B9100B51EE7 /* AppDelegate.swift */,
				C0455F9921F17B9100B51EE7 /* ViewController.swift */,
				C0FD989F21F1A15000AB76F0 /* BookInformationVC.swift */,
				C0455F9B21F17B9100B51EE7 /* Main.storyboard */,
				C0FD99B021FC543F00AB76F0 /* Swaggers */,
				C0455FCF21F188DC00B51EE7 /* Views */,
				C0455F9E21F17B9800B51EE7 /* Assets.xcassets */,
				C0455FA021F17B9800B51EE7 /* LaunchScreen.storyboard */,
				C0455FA321F17B9800B51EE7 /* Info.plist */,
			);
			path = SelfDrvnMobileTest;
			sourceTree = "<group>";
		};
		C0455FAB21F17B9900B51EE7 /* SelfDrvnMobileTestTests */ = {
			isa = PBXGroup;
			children = (
				C0455FAC21F17B9900B51EE7 /* SelfDrvnMobileTestTests.swift */,
				C0455FAE21F17B9900B51EE7 /* Info.plist */,
			);
			path = SelfDrvnMobileTestTests;
			sourceTree = "<group>";
		};
		C0455FB621F17B9900B51EE7 /* SelfDrvnMobileTestUITests */ = {
			isa = PBXGroup;
			children = (
				C0455FB721F17B9900B51EE7 /* SelfDrvnMobileTestUITests.swift */,
				C0455FB921F17B9900B51EE7 /* Info.plist */,
			);
			path = SelfDrvnMobileTestUITests;
			sourceTree = "<group>";
		};
		C0455FCF21F188DC00B51EE7 /* Views */ = {
			isa = PBXGroup;
			children = (
				C0455FD021F1895700B51EE7 /* BookTableViewCell.swift */,
			);
			path = Views;
			sourceTree = "<group>";
		};
		C0FD99B021FC543F00AB76F0 /* Swaggers */ = {
			isa = PBXGroup;
			children = (
				C0FD99B121FC543F00AB76F0 /* APIHelper.swift */,
				C0FD99B221FC543F00AB76F0 /* AlamofireImplementations.swift */,
				C0FD99B321FC543F00AB76F0 /* APIs */,
				C0FD99B521FC543F00AB76F0 /* CodableHelper.swift */,
				C0FD99B621FC543F00AB76F0 /* JSONEncodableEncoding.swift */,
				C0FD99B721FC543F00AB76F0 /* APIs.swift */,
				C0FD99B821FC543F00AB76F0 /* Models */,
				C0FD99BB21FC543F00AB76F0 /* Extensions.swift */,
				C0FD99BC21FC543F00AB76F0 /* JSONEncodingHelper.swift */,
				C0FD99BD21FC543F00AB76F0 /* Models.swift */,
				C0FD99BE21FC543F00AB76F0 /* Configuration.swift */,
			);
			path = Swaggers;
			sourceTree = "<group>";
		};
		C0FD99B321FC543F00AB76F0 /* APIs */ = {
			isa = PBXGroup;
			children = (
				C0FD99B421FC543F00AB76F0 /* BookISBNAPI.swift */,
			);
			path = APIs;
			sourceTree = "<group>";
		};
		C0FD99B821FC543F00AB76F0 /* Models */ = {
			isa = PBXGroup;
			children = (
				C0FD99B921FC543F00AB76F0 /* Author.swift */,
				C0FD99BA21FC543F00AB76F0 /* BookItem.swift */,
			);
			path = Models;
			sourceTree = "<group>";
		};
		FBA413533761FF40667B2BE6 /* Frameworks */ = {
			isa = PBXGroup;
			children = (
				6535B62B3E5383C8546532AF /* Pods_SelfDrvnMobileTest.framework */,
				71BC0FEC7BC02ABA6177C0B9 /* Pods_SelfDrvnMobileTestTests.framework */,
				3A4E78475BCC56033A076670 /* Pods_SelfDrvnMobileTestUITests.framework */,
			);
			name = Frameworks;
			sourceTree = "<group>";
		};
/* End PBXGroup section */

/* Begin PBXNativeTarget section */
		C0455F9321F17B9100B51EE7 /* SelfDrvnMobileTest */ = {
			isa = PBXNativeTarget;
			buildConfigurationList = C0455FBC21F17B9900B51EE7 /* Build configuration list for PBXNativeTarget "SelfDrvnMobileTest" */;
			buildPhases = (
				1ACFE086D869FC8767090F6E /* [CP] Check Pods Manifest.lock */,
				C0455F9021F17B9100B51EE7 /* Sources */,
				C0455F9121F17B9100B51EE7 /* Frameworks */,
				C0455F9221F17B9100B51EE7 /* Resources */,
				8B6B09EB66140A5C22811573 /* [CP] Embed Pods Frameworks */,
			);
			buildRules = (
			);
			dependencies = (
			);
			name = SelfDrvnMobileTest;
			productName = SelfDrvnMobileTest;
			productReference = C0455F9421F17B9100B51EE7 /* SelfDrvnMobileTest.app */;
			productType = "com.apple.product-type.application";
		};
		C0455FA721F17B9800B51EE7 /* SelfDrvnMobileTestTests */ = {
			isa = PBXNativeTarget;
			buildConfigurationList = C0455FBF21F17B9900B51EE7 /* Build configuration list for PBXNativeTarget "SelfDrvnMobileTestTests" */;
			buildPhases = (
				23848DDA2B34C8F29383DC91 /* [CP] Check Pods Manifest.lock */,
				C0455FA421F17B9800B51EE7 /* Sources */,
				C0455FA521F17B9800B51EE7 /* Frameworks */,
				C0455FA621F17B9800B51EE7 /* Resources */,
			);
			buildRules = (
			);
			dependencies = (
				C0455FAA21F17B9800B51EE7 /* PBXTargetDependency */,
			);
			name = SelfDrvnMobileTestTests;
			productName = SelfDrvnMobileTestTests;
			productReference = C0455FA821F17B9800B51EE7 /* SelfDrvnMobileTestTests.xctest */;
			productType = "com.apple.product-type.bundle.unit-test";
		};
		C0455FB221F17B9900B51EE7 /* SelfDrvnMobileTestUITests */ = {
			isa = PBXNativeTarget;
			buildConfigurationList = C0455FC221F17B9900B51EE7 /* Build configuration list for PBXNativeTarget "SelfDrvnMobileTestUITests" */;
			buildPhases = (
				E062C0F5B30385B8A6A59B0C /* [CP] Check Pods Manifest.lock */,
				C0455FAF21F17B9900B51EE7 /* Sources */,
				C0455FB021F17B9900B51EE7 /* Frameworks */,
				C0455FB121F17B9900B51EE7 /* Resources */,
			);
			buildRules = (
			);
			dependencies = (
				C0455FB521F17B9900B51EE7 /* PBXTargetDependency */,
			);
			name = SelfDrvnMobileTestUITests;
			productName = SelfDrvnMobileTestUITests;
			productReference = C0455FB321F17B9900B51EE7 /* SelfDrvnMobileTestUITests.xctest */;
			productType = "com.apple.product-type.bundle.ui-testing";
		};
/* End PBXNativeTarget section */

/* Begin PBXProject section */
		C0455F8C21F17B9100B51EE7 /* Project object */ = {
			isa = PBXProject;
			attributes = {
				LastSwiftUpdateCheck = 1000;
				LastUpgradeCheck = 1000;
				ORGANIZATIONNAME = "Verma Mukesh";
				TargetAttributes = {
					C0455F9321F17B9100B51EE7 = {
						CreatedOnToolsVersion = 10.0;
					};
					C0455FA721F17B9800B51EE7 = {
						CreatedOnToolsVersion = 10.0;
						TestTargetID = C0455F9321F17B9100B51EE7;
					};
					C0455FB221F17B9900B51EE7 = {
						CreatedOnToolsVersion = 10.0;
						TestTargetID = C0455F9321F17B9100B51EE7;
					};
				};
			};
			buildConfigurationList = C0455F8F21F17B9100B51EE7 /* Build configuration list for PBXProject "SelfDrvnMobileTest" */;
			compatibilityVersion = "Xcode 9.3";
			developmentRegion = en;
			hasScannedForEncodings = 0;
			knownRegions = (
				en,
				Base,
			);
			mainGroup = C0455F8B21F17B9100B51EE7;
			productRefGroup = C0455F9521F17B9100B51EE7 /* Products */;
			projectDirPath = "";
			projectRoot = "";
			targets = (
				C0455F9321F17B9100B51EE7 /* SelfDrvnMobileTest */,
				C0455FA721F17B9800B51EE7 /* SelfDrvnMobileTestTests */,
				C0455FB221F17B9900B51EE7 /* SelfDrvnMobileTestUITests */,
			);
		};
/* End PBXProject section */

/* Begin PBXResourcesBuildPhase section */
		C0455F9221F17B9100B51EE7 /* Resources */ = {
			isa = PBXResourcesBuildPhase;
			buildActionMask = 2147483647;
			files = (
				C0455FA221F17B9800B51EE7 /* LaunchScreen.storyboard in Resources */,
				C0455F9F21F17B9800B51EE7 /* Assets.xcassets in Resources */,
				C0455F9D21F17B9100B51EE7 /* Main.storyboard in Resources */,
			);
			runOnlyForDeploymentPostprocessing = 0;
		};
		C0455FA621F17B9800B51EE7 /* Resources */ = {
			isa = PBXResourcesBuildPhase;
			buildActionMask = 2147483647;
			files = (
			);
			runOnlyForDeploymentPostprocessing = 0;
		};
		C0455FB121F17B9900B51EE7 /* Resources */ = {
			isa = PBXResourcesBuildPhase;
			buildActionMask = 2147483647;
			files = (
			);
			runOnlyForDeploymentPostprocessing = 0;
		};
/* End PBXResourcesBuildPhase section */

/* Begin PBXShellScriptBuildPhase section */
		1ACFE086D869FC8767090F6E /* [CP] Check Pods Manifest.lock */ = {
			isa = PBXShellScriptBuildPhase;
			buildActionMask = 2147483647;
			files = (
			);
			inputFileListPaths = (
			);
			inputPaths = (
				"${PODS_PODFILE_DIR_PATH}/Podfile.lock",
				"${PODS_ROOT}/Manifest.lock",
			);
			name = "[CP] Check Pods Manifest.lock";
			outputFileListPaths = (
			);
			outputPaths = (
				"$(DERIVED_FILE_DIR)/Pods-SelfDrvnMobileTest-checkManifestLockResult.txt",
			);
			runOnlyForDeploymentPostprocessing = 0;
			shellPath = /bin/sh;
			shellScript = "diff \"${PODS_PODFILE_DIR_PATH}/Podfile.lock\" \"${PODS_ROOT}/Manifest.lock\" > /dev/null\nif [ $? != 0 ] ; then\n    # print error to STDERR\n    echo \"error: The sandbox is not in sync with the Podfile.lock. Run 'pod install' or update your CocoaPods installation.\" >&2\n    exit 1\nfi\n# This output is used by Xcode 'outputs' to avoid re-running this script phase.\necho \"SUCCESS\" > \"${SCRIPT_OUTPUT_FILE_0}\"\n";
			showEnvVarsInLog = 0;
		};
		23848DDA2B34C8F29383DC91 /* [CP] Check Pods Manifest.lock */ = {
			isa = PBXShellScriptBuildPhase;
			buildActionMask = 2147483647;
			files = (
			);
			inputFileListPaths = (
			);
			inputPaths = (
				"${PODS_PODFILE_DIR_PATH}/Podfile.lock",
				"${PODS_ROOT}/Manifest.lock",
			);
			name = "[CP] Check Pods Manifest.lock";
			outputFileListPaths = (
			);
			outputPaths = (
				"$(DERIVED_FILE_DIR)/Pods-SelfDrvnMobileTestTests-checkManifestLockResult.txt",
			);
			runOnlyForDeploymentPostprocessing = 0;
			shellPath = /bin/sh;
			shellScript = "diff \"${PODS_PODFILE_DIR_PATH}/Podfile.lock\" \"${PODS_ROOT}/Manifest.lock\" > /dev/null\nif [ $? != 0 ] ; then\n    # print error to STDERR\n    echo \"error: The sandbox is not in sync with the Podfile.lock. Run 'pod install' or update your CocoaPods installation.\" >&2\n    exit 1\nfi\n# This output is used by Xcode 'outputs' to avoid re-running this script phase.\necho \"SUCCESS\" > \"${SCRIPT_OUTPUT_FILE_0}\"\n";
			showEnvVarsInLog = 0;
		};
		8B6B09EB66140A5C22811573 /* [CP] Embed Pods Frameworks */ = {
			isa = PBXShellScriptBuildPhase;
			buildActionMask = 2147483647;
			files = (
			);
			inputFileListPaths = (
			);
			inputPaths = (
				"${SRCROOT}/Pods/Target Support Files/Pods-SelfDrvnMobileTest/Pods-SelfDrvnMobileTest-frameworks.sh",
				"${BUILT_PRODUCTS_DIR}/Alamofire/Alamofire.framework",
			);
			name = "[CP] Embed Pods Frameworks";
			outputFileListPaths = (
			);
			outputPaths = (
				"${TARGET_BUILD_DIR}/${FRAMEWORKS_FOLDER_PATH}/Alamofire.framework",
			);
			runOnlyForDeploymentPostprocessing = 0;
			shellPath = /bin/sh;
			shellScript = "\"${SRCROOT}/Pods/Target Support Files/Pods-SelfDrvnMobileTest/Pods-SelfDrvnMobileTest-frameworks.sh\"\n";
			showEnvVarsInLog = 0;
		};
		E062C0F5B30385B8A6A59B0C /* [CP] Check Pods Manifest.lock */ = {
			isa = PBXShellScriptBuildPhase;
			buildActionMask = 2147483647;
			files = (
			);
			inputFileListPaths = (
			);
			inputPaths = (
				"${PODS_PODFILE_DIR_PATH}/Podfile.lock",
				"${PODS_ROOT}/Manifest.lock",
			);
			name = "[CP] Check Pods Manifest.lock";
			outputFileListPaths = (
			);
			outputPaths = (
				"$(DERIVED_FILE_DIR)/Pods-SelfDrvnMobileTestUITests-checkManifestLockResult.txt",
			);
			runOnlyForDeploymentPostprocessing = 0;
			shellPath = /bin/sh;
			shellScript = "diff \"${PODS_PODFILE_DIR_PATH}/Podfile.lock\" \"${PODS_ROOT}/Manifest.lock\" > /dev/null\nif [ $? != 0 ] ; then\n    # print error to STDERR\n    echo \"error: The sandbox is not in sync with the Podfile.lock. Run 'pod install' or update your CocoaPods installation.\" >&2\n    exit 1\nfi\n# This output is used by Xcode 'outputs' to avoid re-running this script phase.\necho \"SUCCESS\" > \"${SCRIPT_OUTPUT_FILE_0}\"\n";
			showEnvVarsInLog = 0;
		};
/* End PBXShellScriptBuildPhase section */

/* Begin PBXSourcesBuildPhase section */
		C0455F9021F17B9100B51EE7 /* Sources */ = {
			isa = PBXSourcesBuildPhase;
			buildActionMask = 2147483647;
			files = (
				C0FD99C721FC543F00AB76F0 /* Extensions.swift in Sources */,
				C0FD98A021F1A15000AB76F0 /* BookInformationVC.swift in Sources */,
				C0FD99C021FC543F00AB76F0 /* AlamofireImplementations.swift in Sources */,
				C0455F9A21F17B9100B51EE7 /* ViewController.swift in Sources */,
				C0FD99BF21FC543F00AB76F0 /* APIHelper.swift in Sources */,
				C0FD99C621FC543F00AB76F0 /* BookItem.swift in Sources */,
				C0FD99C321FC543F00AB76F0 /* JSONEncodableEncoding.swift in Sources */,
				C0455F9821F17B9100B51EE7 /* AppDelegate.swift in Sources */,
				C0455FD121F1895700B51EE7 /* BookTableViewCell.swift in Sources */,
				C0FD99C521FC543F00AB76F0 /* Author.swift in Sources */,
				C0FD99CA21FC543F00AB76F0 /* Configuration.swift in Sources */,
				C0FD99C821FC543F00AB76F0 /* JSONEncodingHelper.swift in Sources */,
				C0FD99C221FC543F00AB76F0 /* CodableHelper.swift in Sources */,
				C0FD99C421FC543F00AB76F0 /* APIs.swift in Sources */,
				C0FD99C121FC543F00AB76F0 /* BookISBNAPI.swift in Sources */,
				C0FD99C921FC543F00AB76F0 /* Models.swift in Sources */,
			);
			runOnlyForDeploymentPostprocessing = 0;
		};
		C0455FA421F17B9800B51EE7 /* Sources */ = {
			isa = PBXSourcesBuildPhase;
			buildActionMask = 2147483647;
			files = (
				C0455FAD21F17B9900B51EE7 /* SelfDrvnMobileTestTests.swift in Sources */,
			);
			runOnlyForDeploymentPostprocessing = 0;
		};
		C0455FAF21F17B9900B51EE7 /* Sources */ = {
			isa = PBXSourcesBuildPhase;
			buildActionMask = 2147483647;
			files = (
				C0455FB821F17B9900B51EE7 /* SelfDrvnMobileTestUITests.swift in Sources */,
			);
			runOnlyForDeploymentPostprocessing = 0;
		};
/* End PBXSourcesBuildPhase section */

/* Begin PBXTargetDependency section */
		C0455FAA21F17B9800B51EE7 /* PBXTargetDependency */ = {
			isa = PBXTargetDependency;
			target = C0455F9321F17B9100B51EE7 /* SelfDrvnMobileTest */;
			targetProxy = C0455FA921F17B9800B51EE7 /* PBXContainerItemProxy */;
		};
		C0455FB521F17B9900B51EE7 /* PBXTargetDependency */ = {
			isa = PBXTargetDependency;
			target = C0455F9321F17B9100B51EE7 /* SelfDrvnMobileTest */;
			targetProxy = C0455FB421F17B9900B51EE7 /* PBXContainerItemProxy */;
		};
/* End PBXTargetDependency section */

/* Begin PBXVariantGroup section */
		C0455F9B21F17B9100B51EE7 /* Main.storyboard */ = {
			isa = PBXVariantGroup;
			children = (
				C0455F9C21F17B9100B51EE7 /* Base */,
			);
			name = Main.storyboard;
			sourceTree = "<group>";
		};
		C0455FA021F17B9800B51EE7 /* LaunchScreen.storyboard */ = {
			isa = PBXVariantGroup;
			children = (
				C0455FA121F17B9800B51EE7 /* Base */,
			);
			name = LaunchScreen.storyboard;
			sourceTree = "<group>";
		};
/* End PBXVariantGroup section */

/* Begin XCBuildConfiguration section */
		C0455FBA21F17B9900B51EE7 /* Debug */ = {
			isa = XCBuildConfiguration;
			buildSettings = {
				ALWAYS_SEARCH_USER_PATHS = NO;
				CLANG_ANALYZER_NONNULL = YES;
				CLANG_ANALYZER_NUMBER_OBJECT_CONVERSION = YES_AGGRESSIVE;
				CLANG_CXX_LANGUAGE_STANDARD = "gnu++14";
				CLANG_CXX_LIBRARY = "libc++";
				CLANG_ENABLE_MODULES = YES;
				CLANG_ENABLE_OBJC_ARC = YES;
				CLANG_ENABLE_OBJC_WEAK = YES;
				CLANG_WARN_BLOCK_CAPTURE_AUTORELEASING = YES;
				CLANG_WARN_BOOL_CONVERSION = YES;
				CLANG_WARN_COMMA = YES;
				CLANG_WARN_CONSTANT_CONVERSION = YES;
				CLANG_WARN_DEPRECATED_OBJC_IMPLEMENTATIONS = YES;
				CLANG_WARN_DIRECT_OBJC_ISA_USAGE = YES_ERROR;
				CLANG_WARN_DOCUMENTATION_COMMENTS = YES;
				CLANG_WARN_EMPTY_BODY = YES;
				CLANG_WARN_ENUM_CONVERSION = YES;
				CLANG_WARN_INFINITE_RECURSION = YES;
				CLANG_WARN_INT_CONVERSION = YES;
				CLANG_WARN_NON_LITERAL_NULL_CONVERSION = YES;
				CLANG_WARN_OBJC_IMPLICIT_RETAIN_SELF = YES;
				CLANG_WARN_OBJC_LITERAL_CONVERSION = YES;
				CLANG_WARN_OBJC_ROOT_CLASS = YES_ERROR;
				CLANG_WARN_RANGE_LOOP_ANALYSIS = YES;
				CLANG_WARN_STRICT_PROTOTYPES = YES;
				CLANG_WARN_SUSPICIOUS_MOVE = YES;
				CLANG_WARN_UNGUARDED_AVAILABILITY = YES_AGGRESSIVE;
				CLANG_WARN_UNREACHABLE_CODE = YES;
				CLANG_WARN__DUPLICATE_METHOD_MATCH = YES;
				CODE_SIGN_IDENTITY = "iPhone Developer";
				COPY_PHASE_STRIP = NO;
				DEBUG_INFORMATION_FORMAT = dwarf;
				ENABLE_STRICT_OBJC_MSGSEND = YES;
				ENABLE_TESTABILITY = YES;
				GCC_C_LANGUAGE_STANDARD = gnu11;
				GCC_DYNAMIC_NO_PIC = NO;
				GCC_NO_COMMON_BLOCKS = YES;
				GCC_OPTIMIZATION_LEVEL = 0;
				GCC_PREPROCESSOR_DEFINITIONS = (
					"DEBUG=1",
					"$(inherited)",
				);
				GCC_WARN_64_TO_32_BIT_CONVERSION = YES;
				GCC_WARN_ABOUT_RETURN_TYPE = YES_ERROR;
				GCC_WARN_UNDECLARED_SELECTOR = YES;
				GCC_WARN_UNINITIALIZED_AUTOS = YES_AGGRESSIVE;
				GCC_WARN_UNUSED_FUNCTION = YES;
				GCC_WARN_UNUSED_VARIABLE = YES;
				IPHONEOS_DEPLOYMENT_TARGET = 12.0;
				MTL_ENABLE_DEBUG_INFO = INCLUDE_SOURCE;
				MTL_FAST_MATH = YES;
				ONLY_ACTIVE_ARCH = YES;
				SDKROOT = iphoneos;
				SWIFT_ACTIVE_COMPILATION_CONDITIONS = DEBUG;
				SWIFT_OPTIMIZATION_LEVEL = "-Onone";
			};
			name = Debug;
		};
		C0455FBB21F17B9900B51EE7 /* Release */ = {
			isa = XCBuildConfiguration;
			buildSettings = {
				ALWAYS_SEARCH_USER_PATHS = NO;
				CLANG_ANALYZER_NONNULL = YES;
				CLANG_ANALYZER_NUMBER_OBJECT_CONVERSION = YES_AGGRESSIVE;
				CLANG_CXX_LANGUAGE_STANDARD = "gnu++14";
				CLANG_CXX_LIBRARY = "libc++";
				CLANG_ENABLE_MODULES = YES;
				CLANG_ENABLE_OBJC_ARC = YES;
				CLANG_ENABLE_OBJC_WEAK = YES;
				CLANG_WARN_BLOCK_CAPTURE_AUTORELEASING = YES;
				CLANG_WARN_BOOL_CONVERSION = YES;
				CLANG_WARN_COMMA = YES;
				CLANG_WARN_CONSTANT_CONVERSION = YES;
				CLANG_WARN_DEPRECATED_OBJC_IMPLEMENTATIONS = YES;
				CLANG_WARN_DIRECT_OBJC_ISA_USAGE = YES_ERROR;
				CLANG_WARN_DOCUMENTATION_COMMENTS = YES;
				CLANG_WARN_EMPTY_BODY = YES;
				CLANG_WARN_ENUM_CONVERSION = YES;
				CLANG_WARN_INFINITE_RECURSION = YES;
				CLANG_WARN_INT_CONVERSION = YES;
				CLANG_WARN_NON_LITERAL_NULL_CONVERSION = YES;
				CLANG_WARN_OBJC_IMPLICIT_RETAIN_SELF = YES;
				CLANG_WARN_OBJC_LITERAL_CONVERSION = YES;
				CLANG_WARN_OBJC_ROOT_CLASS = YES_ERROR;
				CLANG_WARN_RANGE_LOOP_ANALYSIS = YES;
				CLANG_WARN_STRICT_PROTOTYPES = YES;
				CLANG_WARN_SUSPICIOUS_MOVE = YES;
				CLANG_WARN_UNGUARDED_AVAILABILITY = YES_AGGRESSIVE;
				CLANG_WARN_UNREACHABLE_CODE = YES;
				CLANG_WARN__DUPLICATE_METHOD_MATCH = YES;
				CODE_SIGN_IDENTITY = "iPhone Developer";
				COPY_PHASE_STRIP = NO;
				DEBUG_INFORMATION_FORMAT = "dwarf-with-dsym";
				ENABLE_NS_ASSERTIONS = NO;
				ENABLE_STRICT_OBJC_MSGSEND = YES;
				GCC_C_LANGUAGE_STANDARD = gnu11;
				GCC_NO_COMMON_BLOCKS = YES;
				GCC_WARN_64_TO_32_BIT_CONVERSION = YES;
				GCC_WARN_ABOUT_RETURN_TYPE = YES_ERROR;
				GCC_WARN_UNDECLARED_SELECTOR = YES;
				GCC_WARN_UNINITIALIZED_AUTOS = YES_AGGRESSIVE;
				GCC_WARN_UNUSED_FUNCTION = YES;
				GCC_WARN_UNUSED_VARIABLE = YES;
				IPHONEOS_DEPLOYMENT_TARGET = 12.0;
				MTL_ENABLE_DEBUG_INFO = NO;
				MTL_FAST_MATH = YES;
				SDKROOT = iphoneos;
				SWIFT_COMPILATION_MODE = wholemodule;
				SWIFT_OPTIMIZATION_LEVEL = "-O";
				VALIDATE_PRODUCT = YES;
			};
			name = Release;
		};
		C0455FBD21F17B9900B51EE7 /* Debug */ = {
			isa = XCBuildConfiguration;
			baseConfigurationReference = C061ED8E1A16E61A22DDA72A /* Pods-SelfDrvnMobileTest.debug.xcconfig */;
			buildSettings = {
				ASSETCATALOG_COMPILER_APPICON_NAME = AppIcon;
				CODE_SIGN_STYLE = Automatic;
				DEVELOPMENT_TEAM = DNTJZJWJQC;
				INFOPLIST_FILE = SelfDrvnMobileTest/Info.plist;
				LD_RUNPATH_SEARCH_PATHS = (
					"$(inherited)",
					"@executable_path/Frameworks",
				);
				PRODUCT_BUNDLE_IDENTIFIER = com.datatypes.SelfDrvnMobileTest;
				PRODUCT_NAME = "$(TARGET_NAME)";
				SWIFT_VERSION = 4.2;
				TARGETED_DEVICE_FAMILY = "1,2";
			};
			name = Debug;
		};
		C0455FBE21F17B9900B51EE7 /* Release */ = {
			isa = XCBuildConfiguration;
			baseConfigurationReference = 810086621C3EF2048E3147CB /* Pods-SelfDrvnMobileTest.release.xcconfig */;
			buildSettings = {
				ASSETCATALOG_COMPILER_APPICON_NAME = AppIcon;
				CODE_SIGN_STYLE = Automatic;
				DEVELOPMENT_TEAM = DNTJZJWJQC;
				INFOPLIST_FILE = SelfDrvnMobileTest/Info.plist;
				LD_RUNPATH_SEARCH_PATHS = (
					"$(inherited)",
					"@executable_path/Frameworks",
				);
				PRODUCT_BUNDLE_IDENTIFIER = com.datatypes.SelfDrvnMobileTest;
				PRODUCT_NAME = "$(TARGET_NAME)";
				SWIFT_VERSION = 4.2;
				TARGETED_DEVICE_FAMILY = "1,2";
			};
			name = Release;
		};
		C0455FC021F17B9900B51EE7 /* Debug */ = {
			isa = XCBuildConfiguration;
			baseConfigurationReference = 9AB6342F497981678D770873 /* Pods-SelfDrvnMobileTestTests.debug.xcconfig */;
			buildSettings = {
				ALWAYS_EMBED_SWIFT_STANDARD_LIBRARIES = YES;
				BUNDLE_LOADER = "$(TEST_HOST)";
				CODE_SIGN_STYLE = Automatic;
				DEVELOPMENT_TEAM = DNTJZJWJQC;
				INFOPLIST_FILE = SelfDrvnMobileTestTests/Info.plist;
				LD_RUNPATH_SEARCH_PATHS = (
					"$(inherited)",
					"@executable_path/Frameworks",
					"@loader_path/Frameworks",
				);
				PRODUCT_BUNDLE_IDENTIFIER = com.datatypes.SelfDrvnMobileTestTests;
				PRODUCT_NAME = "$(TARGET_NAME)";
				SWIFT_VERSION = 4.2;
				TARGETED_DEVICE_FAMILY = "1,2";
				TEST_HOST = "$(BUILT_PRODUCTS_DIR)/SelfDrvnMobileTest.app/SelfDrvnMobileTest";
			};
			name = Debug;
		};
		C0455FC121F17B9900B51EE7 /* Release */ = {
			isa = XCBuildConfiguration;
			baseConfigurationReference = 91C618608B2D18E2E741A27F /* Pods-SelfDrvnMobileTestTests.release.xcconfig */;
			buildSettings = {
				ALWAYS_EMBED_SWIFT_STANDARD_LIBRARIES = YES;
				BUNDLE_LOADER = "$(TEST_HOST)";
				CODE_SIGN_STYLE = Automatic;
				DEVELOPMENT_TEAM = DNTJZJWJQC;
				INFOPLIST_FILE = SelfDrvnMobileTestTests/Info.plist;
				LD_RUNPATH_SEARCH_PATHS = (
					"$(inherited)",
					"@executable_path/Frameworks",
					"@loader_path/Frameworks",
				);
				PRODUCT_BUNDLE_IDENTIFIER = com.datatypes.SelfDrvnMobileTestTests;
				PRODUCT_NAME = "$(TARGET_NAME)";
				SWIFT_VERSION = 4.2;
				TARGETED_DEVICE_FAMILY = "1,2";
				TEST_HOST = "$(BUILT_PRODUCTS_DIR)/SelfDrvnMobileTest.app/SelfDrvnMobileTest";
			};
			name = Release;
		};
		C0455FC321F17B9900B51EE7 /* Debug */ = {
			isa = XCBuildConfiguration;
			baseConfigurationReference = B8CE836346A91B325A10F264 /* Pods-SelfDrvnMobileTestUITests.debug.xcconfig */;
			buildSettings = {
				ALWAYS_EMBED_SWIFT_STANDARD_LIBRARIES = YES;
				CODE_SIGN_STYLE = Automatic;
				DEVELOPMENT_TEAM = DNTJZJWJQC;
				INFOPLIST_FILE = SelfDrvnMobileTestUITests/Info.plist;
				LD_RUNPATH_SEARCH_PATHS = (
					"$(inherited)",
					"@executable_path/Frameworks",
					"@loader_path/Frameworks",
				);
				PRODUCT_BUNDLE_IDENTIFIER = com.datatypes.SelfDrvnMobileTestUITests;
				PRODUCT_NAME = "$(TARGET_NAME)";
				SWIFT_VERSION = 4.2;
				TARGETED_DEVICE_FAMILY = "1,2";
				TEST_TARGET_NAME = SelfDrvnMobileTest;
			};
			name = Debug;
		};
		C0455FC421F17B9900B51EE7 /* Release */ = {
			isa = XCBuildConfiguration;
			baseConfigurationReference = 4C29243C4D073CDFFBA776CF /* Pods-SelfDrvnMobileTestUITests.release.xcconfig */;
			buildSettings = {
				ALWAYS_EMBED_SWIFT_STANDARD_LIBRARIES = YES;
				CODE_SIGN_STYLE = Automatic;
				DEVELOPMENT_TEAM = DNTJZJWJQC;
				INFOPLIST_FILE = SelfDrvnMobileTestUITests/Info.plist;
				LD_RUNPATH_SEARCH_PATHS = (
					"$(inherited)",
					"@executable_path/Frameworks",
					"@loader_path/Frameworks",
				);
				PRODUCT_BUNDLE_IDENTIFIER = com.datatypes.SelfDrvnMobileTestUITests;
				PRODUCT_NAME = "$(TARGET_NAME)";
				SWIFT_VERSION = 4.2;
				TARGETED_DEVICE_FAMILY = "1,2";
				TEST_TARGET_NAME = SelfDrvnMobileTest;
			};
			name = Release;
		};
/* End XCBuildConfiguration section */

/* Begin XCConfigurationList section */
		C0455F8F21F17B9100B51EE7 /* Build configuration list for PBXProject "SelfDrvnMobileTest" */ = {
			isa = XCConfigurationList;
			buildConfigurations = (
				C0455FBA21F17B9900B51EE7 /* Debug */,
				C0455FBB21F17B9900B51EE7 /* Release */,
			);
			defaultConfigurationIsVisible = 0;
			defaultConfigurationName = Release;
		};
		C0455FBC21F17B9900B51EE7 /* Build configuration list for PBXNativeTarget "SelfDrvnMobileTest" */ = {
			isa = XCConfigurationList;
			buildConfigurations = (
				C0455FBD21F17B9900B51EE7 /* Debug */,
				C0455FBE21F17B9900B51EE7 /* Release */,
			);
			defaultConfigurationIsVisible = 0;
			defaultConfigurationName = Release;
		};
		C0455FBF21F17B9900B51EE7 /* Build configuration list for PBXNativeTarget "SelfDrvnMobileTestTests" */ = {
			isa = XCConfigurationList;
			buildConfigurations = (
				C0455FC021F17B9900B51EE7 /* Debug */,
				C0455FC121F17B9900B51EE7 /* Release */,
			);
			defaultConfigurationIsVisible = 0;
			defaultConfigurationName = Release;
		};
		C0455FC221F17B9900B51EE7 /* Build configuration list for PBXNativeTarget "SelfDrvnMobileTestUITests" */ = {
			isa = XCConfigurationList;
			buildConfigurations = (
				C0455FC321F17B9900B51EE7 /* Debug */,
				C0455FC421F17B9900B51EE7 /* Release */,
			);
			defaultConfigurationIsVisible = 0;
			defaultConfigurationName = Release;
		};
/* End XCConfigurationList section */
	};
	rootObject = C0455F8C21F17B9100B51EE7 /* Project object */;
}
